
Microsoft Visual Studio Solution File, Format Version 12.00
# Visual Studio Version 16
VisualStudioVersion = 16.0.31729.503
MinimumVisualStudioVersion = 10.0.40219.1
Project("{FAE04EC0-301F-11D3-BF4B-00C04F79EFBC}") = "pp lab2 3", "pp lab2 3\pp lab2 3.csproj", "{5DE8BB3C-AD6A-4EBC-ABB2-43F36A99D478}"
EndProject
Global
	GlobalSection(SolutionConfigurationPlatforms) = preSolution
		Debug|Any CPU = Debug|Any CPU
		Release|Any CPU = Release|Any CPU
	EndGlobalSection
	GlobalSection(ProjectConfigurationPlatforms) = postSolution
		{5DE8BB3C-AD6A-4EBC-ABB2-43F36A99D478}.Debug|Any CPU.ActiveCfg = Debug|Any CPU
		{5DE8BB3C-AD6A-4EBC-ABB2-43F36A99D478}.Debug|Any CPU.Build.0 = Debug|Any CPU
		{5DE8BB3C-AD6A-4EBC-ABB2-43F36A99D478}.Release|Any CPU.ActiveCfg = Release|Any CPU
		{5DE8BB3C-AD6A-4EBC-ABB2-43F36A99D478}.Release|Any CPU.Build.0 = Release|Any CPU
	EndGlobalSection
	GlobalSection(SolutionProperties) = preSolution
		HideSolutionNode = FALSE
	EndGlobalSection
	GlobalSection(ExtensibilityGlobals) = postSolution
		SolutionGuid = {C2F32E61-B3F6-4651-A953-357B7553E68B}
	EndGlobalSection
EndGlobal
